
Microsoft Visual Studio Solution File, Format Version 12.00
# Visual Studio 14
VisualStudioVersion = 14.0.25420.1
MinimumVisualStudioVersion = 10.0.40219.1
Project("{FAE04EC0-301F-11D3-BF4B-00C04F79EFBC}") = "TweakRabbits", "TweakRabbits\TweakRabbits.csproj", "{304B1036-DBC4-47FA-88B5-3A7901801221}"
EndProject
Project("{FAE04EC0-301F-11D3-BF4B-00C04F79EFBC}") = "FasterActionRedux", "FasterActionRedux\FasterActionRedux.csproj", "{2C2B15D7-F9D8-4BF8-801E-354DAA20927B}"
EndProject
Project("{FAE04EC0-301F-11D3-BF4B-00C04F79EFBC}") = "SkipIntroRedux", "SkipIntroRedux\SkipIntroRedux.csproj", "{C7E66783-17FD-46EC-B23C-3B69E417F000}"
EndProject
Project("{FAE04EC0-301F-11D3-BF4B-00C04F79EFBC}") = "DetectionRange", "DetectionRange\DetectionRange.csproj", "{0B8B1BB2-F7A5-413E-AD0C-865750560B9C}"
EndProject
Project("{FAE04EC0-301F-11D3-BF4B-00C04F79EFBC}") = "WeaponCrosshair", "WeaponCrosshair\WeaponCrosshair.csproj", "{BD4384F5-A7E5-4BFD-80AF-6C99AC854B81}"
EndProject
Project("{FAE04EC0-301F-11D3-BF4B-00C04F79EFBC}") = "MapTweaks", "MapTweaks\MapTweaks.csproj", "{510300D9-69D5-448C-9EFC-4EDEC76F9BC9}"
EndProject
Project("{FAE04EC0-301F-11D3-BF4B-00C04F79EFBC}") = "StruggleTweaks", "StruggleTweaks\StruggleTweaks.csproj", "{DAF59C7B-B568-4A66-BECA-0D8B47971845}"
EndProject
Project("{FAE04EC0-301F-11D3-BF4B-00C04F79EFBC}") = "TimeAccelerator", "TimeAccelerator\TimeAccelerator.csproj", "{19FB6245-4E64-4DE6-9E6D-32EC38324F58}"
EndProject
Project("{FAE04EC0-301F-11D3-BF4B-00C04F79EFBC}") = "BleedingTweaks", "ClassLibrary1\BleedingTweaks.csproj", "{7B6C2C8A-9B8A-4D84-8DCF-9551C25D9431}"
EndProject
Project("{FAE04EC0-301F-11D3-BF4B-00C04F79EFBC}") = "CookingTweaks", "CookingTweaks\CookingTweaks.csproj", "{EA9006CD-D178-407C-98B9-5028217BCF41}"
EndProject
Global
	GlobalSection(SolutionConfigurationPlatforms) = preSolution
		Debug|Any CPU = Debug|Any CPU
		Release|Any CPU = Release|Any CPU
	EndGlobalSection
	GlobalSection(ProjectConfigurationPlatforms) = postSolution
		{304B1036-DBC4-47FA-88B5-3A7901801221}.Debug|Any CPU.ActiveCfg = Debug|Any CPU
		{304B1036-DBC4-47FA-88B5-3A7901801221}.Debug|Any CPU.Build.0 = Debug|Any CPU
		{304B1036-DBC4-47FA-88B5-3A7901801221}.Release|Any CPU.ActiveCfg = Release|Any CPU
		{304B1036-DBC4-47FA-88B5-3A7901801221}.Release|Any CPU.Build.0 = Release|Any CPU
		{2C2B15D7-F9D8-4BF8-801E-354DAA20927B}.Debug|Any CPU.ActiveCfg = Debug|Any CPU
		{2C2B15D7-F9D8-4BF8-801E-354DAA20927B}.Debug|Any CPU.Build.0 = Debug|Any CPU
		{2C2B15D7-F9D8-4BF8-801E-354DAA20927B}.Release|Any CPU.ActiveCfg = Release|Any CPU
		{2C2B15D7-F9D8-4BF8-801E-354DAA20927B}.Release|Any CPU.Build.0 = Release|Any CPU
		{C7E66783-17FD-46EC-B23C-3B69E417F000}.Debug|Any CPU.ActiveCfg = Debug|Any CPU
		{C7E66783-17FD-46EC-B23C-3B69E417F000}.Debug|Any CPU.Build.0 = Debug|Any CPU
		{C7E66783-17FD-46EC-B23C-3B69E417F000}.Release|Any CPU.ActiveCfg = Release|Any CPU
		{C7E66783-17FD-46EC-B23C-3B69E417F000}.Release|Any CPU.Build.0 = Release|Any CPU
		{0B8B1BB2-F7A5-413E-AD0C-865750560B9C}.Debug|Any CPU.ActiveCfg = Debug|Any CPU
		{0B8B1BB2-F7A5-413E-AD0C-865750560B9C}.Debug|Any CPU.Build.0 = Debug|Any CPU
		{0B8B1BB2-F7A5-413E-AD0C-865750560B9C}.Release|Any CPU.ActiveCfg = Release|Any CPU
		{0B8B1BB2-F7A5-413E-AD0C-865750560B9C}.Release|Any CPU.Build.0 = Release|Any CPU
		{BD4384F5-A7E5-4BFD-80AF-6C99AC854B81}.Debug|Any CPU.ActiveCfg = Debug|Any CPU
		{BD4384F5-A7E5-4BFD-80AF-6C99AC854B81}.Debug|Any CPU.Build.0 = Debug|Any CPU
		{BD4384F5-A7E5-4BFD-80AF-6C99AC854B81}.Release|Any CPU.ActiveCfg = Release|Any CPU
		{BD4384F5-A7E5-4BFD-80AF-6C99AC854B81}.Release|Any CPU.Build.0 = Release|Any CPU
		{510300D9-69D5-448C-9EFC-4EDEC76F9BC9}.Debug|Any CPU.ActiveCfg = Debug|Any CPU
		{510300D9-69D5-448C-9EFC-4EDEC76F9BC9}.Debug|Any CPU.Build.0 = Debug|Any CPU
		{510300D9-69D5-448C-9EFC-4EDEC76F9BC9}.Release|Any CPU.ActiveCfg = Release|Any CPU
		{510300D9-69D5-448C-9EFC-4EDEC76F9BC9}.Release|Any CPU.Build.0 = Release|Any CPU
		{DAF59C7B-B568-4A66-BECA-0D8B47971845}.Debug|Any CPU.ActiveCfg = Debug|Any CPU
		{DAF59C7B-B568-4A66-BECA-0D8B47971845}.Debug|Any CPU.Build.0 = Debug|Any CPU
		{DAF59C7B-B568-4A66-BECA-0D8B47971845}.Release|Any CPU.ActiveCfg = Release|Any CPU
		{DAF59C7B-B568-4A66-BECA-0D8B47971845}.Release|Any CPU.Build.0 = Release|Any CPU
		{19FB6245-4E64-4DE6-9E6D-32EC38324F58}.Debug|Any CPU.ActiveCfg = Debug|Any CPU
		{19FB6245-4E64-4DE6-9E6D-32EC38324F58}.Debug|Any CPU.Build.0 = Debug|Any CPU
		{19FB6245-4E64-4DE6-9E6D-32EC38324F58}.Release|Any CPU.ActiveCfg = Release|Any CPU
		{19FB6245-4E64-4DE6-9E6D-32EC38324F58}.Release|Any CPU.Build.0 = Release|Any CPU
		{7B6C2C8A-9B8A-4D84-8DCF-9551C25D9431}.Debug|Any CPU.ActiveCfg = Debug|Any CPU
		{7B6C2C8A-9B8A-4D84-8DCF-9551C25D9431}.Debug|Any CPU.Build.0 = Debug|Any CPU
		{7B6C2C8A-9B8A-4D84-8DCF-9551C25D9431}.Release|Any CPU.ActiveCfg = Release|Any CPU
		{7B6C2C8A-9B8A-4D84-8DCF-9551C25D9431}.Release|Any CPU.Build.0 = Release|Any CPU
		{EA9006CD-D178-407C-98B9-5028217BCF41}.Debug|Any CPU.ActiveCfg = Debug|Any CPU
		{EA9006CD-D178-407C-98B9-5028217BCF41}.Debug|Any CPU.Build.0 = Debug|Any CPU
		{EA9006CD-D178-407C-98B9-5028217BCF41}.Release|Any CPU.ActiveCfg = Release|Any CPU
		{EA9006CD-D178-407C-98B9-5028217BCF41}.Release|Any CPU.Build.0 = Release|Any CPU
	EndGlobalSection
	GlobalSection(SolutionProperties) = preSolution
		HideSolutionNode = FALSE
	EndGlobalSection
EndGlobal
